
Microsoft Visual Studio Solution File, Format Version 12.00
# Visual Studio Version 17
VisualStudioVersion = 17.1.32228.430
MinimumVisualStudioVersion = 10.0.40219.1
Project("{9A19103F-16F7-4668-BE54-9A1E7A4F7556}") = "SimpleController", "SimpleController\SimpleController.csproj", "{538F035B-DA59-4383-92CD-0473ACB283CC}"
EndProject
Project("{9A19103F-16F7-4668-BE54-9A1E7A4F7556}") = "ControllerContext", "ControllerContext\ControllerContext.csproj", "{5551E44F-BB7E-4E63-8CC9-4E152C3E9183}"
EndProject
Project("{9A19103F-16F7-4668-BE54-9A1E7A4F7556}") = "QueryString", "QueryString\QueryString.csproj", "{F89E055F-95D8-4D36-AF24-F88E5B345D64}"
EndProject
Project("{9A19103F-16F7-4668-BE54-9A1E7A4F7556}") = "Forms", "Forms\Forms.csproj", "{35EBAA96-7F71-4B61-8BBB-8B85AC006C96}"
EndProject
Project("{FAE04EC0-301F-11D3-BF4B-00C04F79EFBC}") = "CustomActionResult", "CustomActionResult\CustomActionResult.csproj", "{22B254C6-1739-4A8C-AFF8-F0DC7FFBFFD2}"
EndProject
Global
	GlobalSection(SolutionConfigurationPlatforms) = preSolution
		Debug|Any CPU = Debug|Any CPU
		Release|Any CPU = Release|Any CPU
	EndGlobalSection
	GlobalSection(ProjectConfigurationPlatforms) = postSolution
		{538F035B-DA59-4383-92CD-0473ACB283CC}.Debug|Any CPU.ActiveCfg = Debug|Any CPU
		{538F035B-DA59-4383-92CD-0473ACB283CC}.Debug|Any CPU.Build.0 = Debug|Any CPU
		{538F035B-DA59-4383-92CD-0473ACB283CC}.Release|Any CPU.ActiveCfg = Release|Any CPU
		{538F035B-DA59-4383-92CD-0473ACB283CC}.Release|Any CPU.Build.0 = Release|Any CPU
		{5551E44F-BB7E-4E63-8CC9-4E152C3E9183}.Debug|Any CPU.ActiveCfg = Debug|Any CPU
		{5551E44F-BB7E-4E63-8CC9-4E152C3E9183}.Debug|Any CPU.Build.0 = Debug|Any CPU
		{5551E44F-BB7E-4E63-8CC9-4E152C3E9183}.Release|Any CPU.ActiveCfg = Release|Any CPU
		{5551E44F-BB7E-4E63-8CC9-4E152C3E9183}.Release|Any CPU.Build.0 = Release|Any CPU
		{F89E055F-95D8-4D36-AF24-F88E5B345D64}.Debug|Any CPU.ActiveCfg = Debug|Any CPU
		{F89E055F-95D8-4D36-AF24-F88E5B345D64}.Debug|Any CPU.Build.0 = Debug|Any CPU
		{F89E055F-95D8-4D36-AF24-F88E5B345D64}.Release|Any CPU.ActiveCfg = Release|Any CPU
		{F89E055F-95D8-4D36-AF24-F88E5B345D64}.Release|Any CPU.Build.0 = Release|Any CPU
		{35EBAA96-7F71-4B61-8BBB-8B85AC006C96}.Debug|Any CPU.ActiveCfg = Debug|Any CPU
		{35EBAA96-7F71-4B61-8BBB-8B85AC006C96}.Debug|Any CPU.Build.0 = Debug|Any CPU
		{35EBAA96-7F71-4B61-8BBB-8B85AC006C96}.Release|Any CPU.ActiveCfg = Release|Any CPU
		{35EBAA96-7F71-4B61-8BBB-8B85AC006C96}.Release|Any CPU.Build.0 = Release|Any CPU
		{22B254C6-1739-4A8C-AFF8-F0DC7FFBFFD2}.Debug|Any CPU.ActiveCfg = Debug|Any CPU
		{22B254C6-1739-4A8C-AFF8-F0DC7FFBFFD2}.Debug|Any CPU.Build.0 = Debug|Any CPU
		{22B254C6-1739-4A8C-AFF8-F0DC7FFBFFD2}.Release|Any CPU.ActiveCfg = Release|Any CPU
		{22B254C6-1739-4A8C-AFF8-F0DC7FFBFFD2}.Release|Any CPU.Build.0 = Release|Any CPU
	EndGlobalSection
	GlobalSection(SolutionProperties) = preSolution
		HideSolutionNode = FALSE
	EndGlobalSection
	GlobalSection(ExtensibilityGlobals) = postSolution
		SolutionGuid = {14E09194-6B99-47F2-BE88-DDE858CF55F8}
	EndGlobalSection
EndGlobal
